
Microsoft Visual Studio Solution File, Format Version 12.00
# Visual Studio Version 17
VisualStudioVersion = 17.11.35111.106
MinimumVisualStudioVersion = 10.0.40219.1
Project("{FAE04EC0-301F-11D3-BF4B-00C04F79EFBC}") = "jaggedArray", "jaggedArray\jaggedArray.csproj", "{357B1851-2666-4ACE-9D0F-06E179F70FF9}"
EndProject
Global
	GlobalSection(SolutionConfigurationPlatforms) = preSolution
		Debug|Any CPU = Debug|Any CPU
		Release|Any CPU = Release|Any CPU
	EndGlobalSection
	GlobalSection(ProjectConfigurationPlatforms) = postSolution
		{357B1851-2666-4ACE-9D0F-06E179F70FF9}.Debug|Any CPU.ActiveCfg = Debug|Any CPU
		{357B1851-2666-4ACE-9D0F-06E179F70FF9}.Debug|Any CPU.Build.0 = Debug|Any CPU
		{357B1851-2666-4ACE-9D0F-06E179F70FF9}.Release|Any CPU.ActiveCfg = Release|Any CPU
		{357B1851-2666-4ACE-9D0F-06E179F70FF9}.Release|Any CPU.Build.0 = Release|Any CPU
	EndGlobalSection
	GlobalSection(SolutionProperties) = preSolution
		HideSolutionNode = FALSE
	EndGlobalSection
	GlobalSection(ExtensibilityGlobals) = postSolution
		SolutionGuid = {838D416E-9152-444C-8458-51E28D7A6276}
	EndGlobalSection
EndGlobal
