
Microsoft Visual Studio Solution File, Format Version 12.00
# Visual Studio Version 17
VisualStudioVersion = 17.11.35111.106
MinimumVisualStudioVersion = 10.0.40219.1
Project("{FAE04EC0-301F-11D3-BF4B-00C04F79EFBC}") = "HybrodInheritance", "HybrodInheritance\HybrodInheritance.csproj", "{50E6422D-3253-4294-9346-CAA603E04DCC}"
EndProject
Global
	GlobalSection(SolutionConfigurationPlatforms) = preSolution
		Debug|Any CPU = Debug|Any CPU
		Release|Any CPU = Release|Any CPU
	EndGlobalSection
	GlobalSection(ProjectConfigurationPlatforms) = postSolution
		{50E6422D-3253-4294-9346-CAA603E04DCC}.Debug|Any CPU.ActiveCfg = Debug|Any CPU
		{50E6422D-3253-4294-9346-CAA603E04DCC}.Debug|Any CPU.Build.0 = Debug|Any CPU
		{50E6422D-3253-4294-9346-CAA603E04DCC}.Release|Any CPU.ActiveCfg = Release|Any CPU
		{50E6422D-3253-4294-9346-CAA603E04DCC}.Release|Any CPU.Build.0 = Release|Any CPU
	EndGlobalSection
	GlobalSection(SolutionProperties) = preSolution
		HideSolutionNode = FALSE
	EndGlobalSection
	GlobalSection(ExtensibilityGlobals) = postSolution
		SolutionGuid = {4E757E6A-DB60-4E9F-B0D7-507E4D77C873}
	EndGlobalSection
EndGlobal
